%{
  "benchee": {:git, "https://github.com/bencheeorg/benchee.git", "45440798cb7a4398adfc9ce672a1509c5e18555f", [branch: "main"]},
  "benchee_html": {:hex, :benchee_html, "1.0.0", "5b4d24effebd060f466fb460ec06576e7b34a00fc26b234fe4f12c4f05c95947", [:mix], [{:benchee, ">= 0.99.0 and < 2.0.0", [hex: :benchee, repo: "hexpm", optional: false]}, {:benchee_json, "~> 1.0", [hex: :benchee_json, repo: "hexpm", optional: false]}], "hexpm", "5280af9aac432ff5ca4216d03e8a93f32209510e925b60e7f27c33796f69e699"},
  "benchee_json": {:hex, :benchee_json, "1.0.0", "cc661f4454d5995c08fe10dd1f2f72f229c8f0fb1c96f6b327a8c8fc96a91fe5", [:mix], [{:benchee, ">= 0.99.0 and < 2.0.0", [hex: :benchee, repo: "hexpm", optional: false]}, {:jason, "~> 1.0", [hex: :jason, repo: "hexpm", optional: false]}], "hexpm", "da05d813f9123505f870344d68fb7c86a4f0f9074df7d7b7e2bb011a63ec231c"},
  "blex": {:hex, :blex, "0.2.0", "f7497c93698acc77f37dcbbf90a04c8f9c5321328153c42dbad0dea8e3e4eb03", [:mix], [], "hexpm", "6e5d366ca3113571b0f7da891d315bb053c66ec902364fb267dcecee165039cb"},
  "bloomex": {:hex, :bloomex, "1.2.0", "5ebc0b20b8f8ecb4af08c60e88ca54a857d479c4490cba48bbb3f94840b326bf", [:mix], [{:jason, "~> 1.1", [hex: :jason, repo: "hexpm", optional: false]}], "hexpm", "db56d416563a75c643eda805a844726ce7a5dc4db36af4c478c3f4ce047ff266"},
  "deep_merge": {:hex, :deep_merge, "1.0.0", "b4aa1a0d1acac393bdf38b2291af38cb1d4a52806cf7a4906f718e1feb5ee961", [:mix], [], "hexpm", "ce708e5f094b9cd4e8f2be4f00d2f4250c4095be93f8cd6d018c753894885430"},
  "ebloom": {:git, "https://github.com/basho/ebloom.git", "4f6bca025e8c5d0e3758ad48b1330f06f76754d8", []},
  "efuse_filter": {:git, "https://github.com/mpope9/efuse_filter.git", "7fc2c2d66260a02dfacfe2ede970f22c21224216", []},
  "erbloom": {:git, "https://github.com/Vonmo/erbloom.git", "36d943e0ac8b3cf7272e615b622d3767872f8deb", [branch: "master"]},
  "exor_filter": {:git, "https://github.com/mpope9/exor_filter.git", "6a2114e68ae6466dc24a1c9c71f7d52ed0c234d4", [tag: "v0.5.2"]},
  "jason": {:hex, :jason, "1.2.2", "ba43e3f2709fd1aa1dce90aaabfd039d000469c05c56f0b8e31978e03fa39052", [:mix], [{:decimal, "~> 1.0 or ~> 2.0", [hex: :decimal, repo: "hexpm", optional: true]}], "hexpm", "18a228f5f0058ee183f29f9eae0805c6e59d61c3b006760668d8d18ff0d12179"},
  "statistex": {:hex, :statistex, "1.0.0", "f3dc93f3c0c6c92e5f291704cf62b99b553253d7969e9a5fa713e5481cd858a5", [:mix], [], "hexpm", "ff9d8bee7035028ab4742ff52fc80a2aa35cece833cf5319009b52f1b5a86c27"},
}
